// !$*UTF8*$!
{
	archiveVersion = 1;
	classes = {
	};
	objectVersion = 56;
	objects = {

/* Begin PBXBuildFile section */
		8E7F26E42941394E00D2CA5D /* AppDelegate.swift in Sources */ = {isa = PBXBuildFile; fileRef = 8E7F26E32941394E00D2CA5D /* AppDelegate.swift */; };
		8E7F26E62941394E00D2CA5D /* SceneDelegate.swift in Sources */ = {isa = PBXBuildFile; fileRef = 8E7F26E52941394E00D2CA5D /* SceneDelegate.swift */; };
		8E7F26E82941394E00D2CA5D /* ViewController.swift in Sources */ = {isa = PBXBuildFile; fileRef = 8E7F26E72941394E00D2CA5D /* ViewController.swift */; };
		8E7F26EB2941394E00D2CA5D /* Main.storyboard in Resources */ = {isa = PBXBuildFile; fileRef = 8E7F26E92941394E00D2CA5D /* Main.storyboard */; };
		8E7F26ED2941395000D2CA5D /* Assets.xcassets in Resources */ = {isa = PBXBuildFile; fileRef = 8E7F26EC2941395000D2CA5D /* Assets.xcassets */; };
		8E7F26F02941395000D2CA5D /* LaunchScreen.storyboard in Resources */ = {isa = PBXBuildFile; fileRef = 8E7F26EE2941395000D2CA5D /* LaunchScreen.storyboard */; };
		8E7F26FB2941395000D2CA5D /* PhotoGeneratorTests.swift in Sources */ = {isa = PBXBuildFile; fileRef = 8E7F26FA2941395000D2CA5D /* PhotoGeneratorTests.swift */; };
		8E7F27052941395000D2CA5D /* PhotoGeneratorUITests.swift in Sources */ = {isa = PBXBuildFile; fileRef = 8E7F27042941395000D2CA5D /* PhotoGeneratorUITests.swift */; };
		8E7F27072941395000D2CA5D /* PhotoGeneratorUITestsLaunchTests.swift in Sources */ = {isa = PBXBuildFile; fileRef = 8E7F27062941395000D2CA5D /* PhotoGeneratorUITestsLaunchTests.swift */; };
/* End PBXBuildFile section */

/* Begin PBXContainerItemProxy section */
		8E7F26F72941395000D2CA5D /* PBXContainerItemProxy */ = {
			isa = PBXContainerItemProxy;
			containerPortal = 8E7F26D82941394E00D2CA5D /* Project object */;
			proxyType = 1;
			remoteGlobalIDString = 8E7F26DF2941394E00D2CA5D;
			remoteInfo = PhotoGenerator;
		};
		8E7F27012941395000D2CA5D /* PBXContainerItemProxy */ = {
			isa = PBXContainerItemProxy;
			containerPortal = 8E7F26D82941394E00D2CA5D /* Project object */;
			proxyType = 1;
			remoteGlobalIDString = 8E7F26DF2941394E00D2CA5D;
			remoteInfo = PhotoGenerator;
		};
/* End PBXContainerItemProxy section */

/* Begin PBXFileReference section */
		8E7F26E02941394E00D2CA5D /* PhotoGenerator.app */ = {isa = PBXFileReference; explicitFileType = wrapper.application; includeInIndex = 0; path = PhotoGenerator.app; sourceTree = BUILT_PRODUCTS_DIR; };
		8E7F26E32941394E00D2CA5D /* AppDelegate.swift */ = {isa = PBXFileReference; lastKnownFileType = sourcecode.swift; path = AppDelegate.swift; sourceTree = "<group>"; };
		8E7F26E52941394E00D2CA5D /* SceneDelegate.swift */ = {isa = PBXFileReference; lastKnownFileType = sourcecode.swift; path = SceneDelegate.swift; sourceTree = "<group>"; };
		8E7F26E72941394E00D2CA5D /* ViewController.swift */ = {isa = PBXFileReference; lastKnownFileType = sourcecode.swift; path = ViewController.swift; sourceTree = "<group>"; };
		8E7F26EA2941394E00D2CA5D /* Base */ = {isa = PBXFileReference; lastKnownFileType = file.storyboard; name = Base; path = Base.lproj/Main.storyboard; sourceTree = "<group>"; };
		8E7F26EC2941395000D2CA5D /* Assets.xcassets */ = {isa = PBXFileReference; lastKnownFileType = folder.assetcatalog; path = Assets.xcassets; sourceTree = "<group>"; };
		8E7F26EF2941395000D2CA5D /* Base */ = {isa = PBXFileReference; lastKnownFileType = file.storyboard; name = Base; path = Base.lproj/LaunchScreen.storyboard; sourceTree = "<group>"; };
		8E7F26F12941395000D2CA5D /* Info.plist */ = {isa = PBXFileReference; lastKnownFileType = text.plist.xml; path = Info.plist; sourceTree = "<group>"; };
		8E7F26F62941395000D2CA5D /* PhotoGeneratorTests.xctest */ = {isa = PBXFileReference; explicitFileType = wrapper.cfbundle; includeInIndex = 0; path = PhotoGeneratorTests.xctest; sourceTree = BUILT_PRODUCTS_DIR; };
		8E7F26FA2941395000D2CA5D /* PhotoGeneratorTests.swift */ = {isa = PBXFileReference; lastKnownFileType = sourcecode.swift; path = PhotoGeneratorTests.swift; sourceTree = "<group>"; };
		8E7F27002941395000D2CA5D /* PhotoGeneratorUITests.xctest */ = {isa = PBXFileReference; explicitFileType = wrapper.cfbundle; includeInIndex = 0; path = PhotoGeneratorUITests.xctest; sourceTree = BUILT_PRODUCTS_DIR; };
		8E7F27042941395000D2CA5D /* PhotoGeneratorUITests.swift */ = {isa = PBXFileReference; lastKnownFileType = sourcecode.swift; path = PhotoGeneratorUITests.swift; sourceTree = "<group>"; };
		8E7F27062941395000D2CA5D /* PhotoGeneratorUITestsLaunchTests.swift */ = {isa = PBXFileReference; lastKnownFileType = sourcecode.swift; path = PhotoGeneratorUITestsLaunchTests.swift; sourceTree = "<group>"; };
/* End PBXFileReference section */

/* Begin PBXFrameworksBuildPhase section */
		8E7F26DD2941394E00D2CA5D /* Frameworks */ = {
			isa = PBXFrameworksBuildPhase;
			buildActionMask = 2147483647;
			files = (
			);
			runOnlyForDeploymentPostprocessing = 0;
		};
		8E7F26F32941395000D2CA5D /* Frameworks */ = {
			isa = PBXFrameworksBuildPhase;
			buildActionMask = 2147483647;
			files = (
			);
			runOnlyForDeploymentPostprocessing = 0;
		};
		8E7F26FD2941395000D2CA5D /* Frameworks */ = {
			isa = PBXFrameworksBuildPhase;
			buildActionMask = 2147483647;
			files = (
			);
			runOnlyForDeploymentPostprocessing = 0;
		};
/* End PBXFrameworksBuildPhase section */

/* Begin PBXGroup section */
		8E7F26D72941394E00D2CA5D = {
			isa = PBXGroup;
			children = (
				8E7F26E22941394E00D2CA5D /* PhotoGenerator */,
				8E7F26F92941395000D2CA5D /* PhotoGeneratorTests */,
				8E7F27032941395000D2CA5D /* PhotoGeneratorUITests */,
				8E7F26E12941394E00D2CA5D /* Products */,
			);
			sourceTree = "<group>";
		};
		8E7F26E12941394E00D2CA5D /* Products */ = {
			isa = PBXGroup;
			children = (
				8E7F26E02941394E00D2CA5D /* PhotoGenerator.app */,
				8E7F26F62941395000D2CA5D /* PhotoGeneratorTests.xctest */,
				8E7F27002941395000D2CA5D /* PhotoGeneratorUITests.xctest */,
			);
			name = Products;
			sourceTree = "<group>";
		};
		8E7F26E22941394E00D2CA5D /* PhotoGenerator */ = {
			isa = PBXGroup;
			children = (
				8E7F26E32941394E00D2CA5D /* AppDelegate.swift */,
				8E7F26E52941394E00D2CA5D /* SceneDelegate.swift */,
				8E7F26E72941394E00D2CA5D /* ViewController.swift */,
				8E7F26E92941394E00D2CA5D /* Main.storyboard */,
				8E7F26EC2941395000D2CA5D /* Assets.xcassets */,
				8E7F26EE2941395000D2CA5D /* LaunchScreen.storyboard */,
				8E7F26F12941395000D2CA5D /* Info.plist */,
			);
			path = PhotoGenerator;
			sourceTree = "<group>";
		};
		8E7F26F92941395000D2CA5D /* PhotoGeneratorTests */ = {
			isa = PBXGroup;
			children = (
				8E7F26FA2941395000D2CA5D /* PhotoGeneratorTests.swift */,
			);
			path = PhotoGeneratorTests;
			sourceTree = "<group>";
		};
		8E7F27032941395000D2CA5D /* PhotoGeneratorUITests */ = {
			isa = PBXGroup;
			children = (
				8E7F27042941395000D2CA5D /* PhotoGeneratorUITests.swift */,
				8E7F27062941395000D2CA5D /* PhotoGeneratorUITestsLaunchTests.swift */,
			);
			path = PhotoGeneratorUITests;
			sourceTree = "<group>";
		};
/* End PBXGroup section */

/* Begin PBXNativeTarget section */
		8E7F26DF2941394E00D2CA5D /* PhotoGenerator */ = {
			isa = PBXNativeTarget;
			buildConfigurationList = 8E7F270A2941395000D2CA5D /* Build configuration list for PBXNativeTarget "PhotoGenerator" */;
			buildPhases = (
				8E7F26DC2941394E00D2CA5D /* Sources */,
				8E7F26DD2941394E00D2CA5D /* Frameworks */,
				8E7F26DE2941394E00D2CA5D /* Resources */,
			);
			buildRules = (
			);
			dependencies = (
			);
			name = PhotoGenerator;
			productName = PhotoGenerator;
			productReference = 8E7F26E02941394E00D2CA5D /* PhotoGenerator.app */;
			productType = "com.apple.product-type.application";
		};
		8E7F26F52941395000D2CA5D /* PhotoGeneratorTests */ = {
			isa = PBXNativeTarget;
			buildConfigurationList = 8E7F270D2941395000D2CA5D /* Build configuration list for PBXNativeTarget "PhotoGeneratorTests" */;
			buildPhases = (
				8E7F26F22941395000D2CA5D /* Sources */,
				8E7F26F32941395000D2CA5D /* Frameworks */,
				8E7F26F42941395000D2CA5D /* Resources */,
			);
			buildRules = (
			);
			dependencies = (
				8E7F26F82941395000D2CA5D /* PBXTargetDependency */,
			);
			name = PhotoGeneratorTests;
			productName = PhotoGeneratorTests;
			productReference = 8E7F26F62941395000D2CA5D /* PhotoGeneratorTests.xctest */;
			productType = "com.apple.product-type.bundle.unit-test";
		};
		8E7F26FF2941395000D2CA5D /* PhotoGeneratorUITests */ = {
			isa = PBXNativeTarget;
			buildConfigurationList = 8E7F27102941395000D2CA5D /* Build configuration list for PBXNativeTarget "PhotoGeneratorUITests" */;
			buildPhases = (
				8E7F26FC2941395000D2CA5D /* Sources */,
				8E7F26FD2941395000D2CA5D /* Frameworks */,
				8E7F26FE2941395000D2CA5D /* Resources */,
			);
			buildRules = (
			);
			dependencies = (
				8E7F27022941395000D2CA5D /* PBXTargetDependency */,
			);
			name = PhotoGeneratorUITests;
			productName = PhotoGeneratorUITests;
			productReference = 8E7F27002941395000D2CA5D /* PhotoGeneratorUITests.xctest */;
			productType = "com.apple.product-type.bundle.ui-testing";
		};
/* End PBXNativeTarget section */

/* Begin PBXProject section */
		8E7F26D82941394E00D2CA5D /* Project object */ = {
			isa = PBXProject;
			attributes = {
				BuildIndependentTargetsInParallel = 1;
				LastSwiftUpdateCheck = 1410;
				LastUpgradeCheck = 1410;
				TargetAttributes = {
					8E7F26DF2941394E00D2CA5D = {
						CreatedOnToolsVersion = 14.1;
					};
					8E7F26F52941395000D2CA5D = {
						CreatedOnToolsVersion = 14.1;
						TestTargetID = 8E7F26DF2941394E00D2CA5D;
					};
					8E7F26FF2941395000D2CA5D = {
						CreatedOnToolsVersion = 14.1;
						TestTargetID = 8E7F26DF2941394E00D2CA5D;
					};
				};
			};
			buildConfigurationList = 8E7F26DB2941394E00D2CA5D /* Build configuration list for PBXProject "PhotoGenerator" */;
			compatibilityVersion = "Xcode 14.0";
			developmentRegion = en;
			hasScannedForEncodings = 0;
			knownRegions = (
				en,
				Base,
			);
			mainGroup = 8E7F26D72941394E00D2CA5D;
			productRefGroup = 8E7F26E12941394E00D2CA5D /* Products */;
			projectDirPath = "";
			projectRoot = "";
			targets = (
				8E7F26DF2941394E00D2CA5D /* PhotoGenerator */,
				8E7F26F52941395000D2CA5D /* PhotoGeneratorTests */,
				8E7F26FF2941395000D2CA5D /* PhotoGeneratorUITests */,
			);
		};
/* End PBXProject section */

/* Begin PBXResourcesBuildPhase section */
		8E7F26DE2941394E00D2CA5D /* Resources */ = {
			isa = PBXResourcesBuildPhase;
			buildActionMask = 2147483647;
			files = (
				8E7F26F02941395000D2CA5D /* LaunchScreen.storyboard in Resources */,
				8E7F26ED2941395000D2CA5D /* Assets.xcassets in Resources */,
				8E7F26EB2941394E00D2CA5D /* Main.storyboard in Resources */,
			);
			runOnlyForDeploymentPostprocessing = 0;
		};
		8E7F26F42941395000D2CA5D /* Resources */ = {
			isa = PBXResourcesBuildPhase;
			buildActionMask = 2147483647;
			files = (
			);
			runOnlyForDeploymentPostprocessing = 0;
		};
		8E7F26FE2941395000D2CA5D /* Resources */ = {
			isa = PBXResourcesBuildPhase;
			buildActionMask = 2147483647;
			files = (
			);
			runOnlyForDeploymentPostprocessing = 0;
		};
/* End PBXResourcesBuildPhase section */

/* Begin PBXSourcesBuildPhase section */
		8E7F26DC2941394E00D2CA5D /* Sources */ = {
			isa = PBXSourcesBuildPhase;
			buildActionMask = 2147483647;
			files = (
				8E7F26E82941394E00D2CA5D /* ViewController.swift in Sources */,
				8E7F26E42941394E00D2CA5D /* AppDelegate.swift in Sources */,
				8E7F26E62941394E00D2CA5D /* SceneDelegate.swift in Sources */,
			);
			runOnlyForDeploymentPostprocessing = 0;
		};
		8E7F26F22941395000D2CA5D /* Sources */ = {
			isa = PBXSourcesBuildPhase;
			buildActionMask = 2147483647;
			files = (
				8E7F26FB2941395000D2CA5D /* PhotoGeneratorTests.swift in Sources */,
			);
			runOnlyForDeploymentPostprocessing = 0;
		};
		8E7F26FC2941395000D2CA5D /* Sources */ = {
			isa = PBXSourcesBuildPhase;
			buildActionMask = 2147483647;
			files = (
				8E7F27052941395000D2CA5D /* PhotoGeneratorUITests.swift in Sources */,
				8E7F27072941395000D2CA5D /* PhotoGeneratorUITestsLaunchTests.swift in Sources */,
			);
			runOnlyForDeploymentPostprocessing = 0;
		};
/* End PBXSourcesBuildPhase section */

/* Begin PBXTargetDependency section */
		8E7F26F82941395000D2CA5D /* PBXTargetDependency */ = {
			isa = PBXTargetDependency;
			target = 8E7F26DF2941394E00D2CA5D /* PhotoGenerator */;
			targetProxy = 8E7F26F72941395000D2CA5D /* PBXContainerItemProxy */;
		};
		8E7F27022941395000D2CA5D /* PBXTargetDependency */ = {
			isa = PBXTargetDependency;
			target = 8E7F26DF2941394E00D2CA5D /* PhotoGenerator */;
			targetProxy = 8E7F27012941395000D2CA5D /* PBXContainerItemProxy */;
		};
/* End PBXTargetDependency section */

/* Begin PBXVariantGroup section */
		8E7F26E92941394E00D2CA5D /* Main.storyboard */ = {
			isa = PBXVariantGroup;
			children = (
				8E7F26EA2941394E00D2CA5D /* Base */,
			);
			name = Main.storyboard;
			sourceTree = "<group>";
		};
		8E7F26EE2941395000D2CA5D /* LaunchScreen.storyboard */ = {
			isa = PBXVariantGroup;
			children = (
				8E7F26EF2941395000D2CA5D /* Base */,
			);
			name = LaunchScreen.storyboard;
			sourceTree = "<group>";
		};
/* End PBXVariantGroup section */

/* Begin XCBuildConfiguration section */
		8E7F27082941395000D2CA5D /* Debug */ = {
			isa = XCBuildConfiguration;
			buildSettings = {
				ALWAYS_SEARCH_USER_PATHS = NO;
				CLANG_ANALYZER_NONNULL = YES;
				CLANG_ANALYZER_NUMBER_OBJECT_CONVERSION = YES_AGGRESSIVE;
				CLANG_CXX_LANGUAGE_STANDARD = "gnu++20";
				CLANG_ENABLE_MODULES = YES;
				CLANG_ENABLE_OBJC_ARC = YES;
				CLANG_ENABLE_OBJC_WEAK = YES;
				CLANG_WARN_BLOCK_CAPTURE_AUTORELEASING = YES;
				CLANG_WARN_BOOL_CONVERSION = YES;
				CLANG_WARN_COMMA = YES;
				CLANG_WARN_CONSTANT_CONVERSION = YES;
				CLANG_WARN_DEPRECATED_OBJC_IMPLEMENTATIONS = YES;
				CLANG_WARN_DIRECT_OBJC_ISA_USAGE = YES_ERROR;
				CLANG_WARN_DOCUMENTATION_COMMENTS = YES;
				CLANG_WARN_EMPTY_BODY = YES;
				CLANG_WARN_ENUM_CONVERSION = YES;
				CLANG_WARN_INFINITE_RECURSION = YES;
				CLANG_WARN_INT_CONVERSION = YES;
				CLANG_WARN_NON_LITERAL_NULL_CONVERSION = YES;
				CLANG_WARN_OBJC_IMPLICIT_RETAIN_SELF = YES;
				CLANG_WARN_OBJC_LITERAL_CONVERSION = YES;
				CLANG_WARN_OBJC_ROOT_CLASS = YES_ERROR;
				CLANG_WARN_QUOTED_INCLUDE_IN_FRAMEWORK_HEADER = YES;
				CLANG_WARN_RANGE_LOOP_ANALYSIS = YES;
				CLANG_WARN_STRICT_PROTOTYPES = YES;
				CLANG_WARN_SUSPICIOUS_MOVE = YES;
				CLANG_WARN_UNGUARDED_AVAILABILITY = YES_AGGRESSIVE;
				CLANG_WARN_UNREACHABLE_CODE = YES;
				CLANG_WARN__DUPLICATE_METHOD_MATCH = YES;
				COPY_PHASE_STRIP = NO;
				DEBUG_INFORMATION_FORMAT = dwarf;
				ENABLE_STRICT_OBJC_MSGSEND = YES;
				ENABLE_TESTABILITY = YES;
				GCC_C_LANGUAGE_STANDARD = gnu11;
				GCC_DYNAMIC_NO_PIC = NO;
				GCC_NO_COMMON_BLOCKS = YES;
				GCC_OPTIMIZATION_LEVEL = 0;
				GCC_PREPROCESSOR_DEFINITIONS = (
					"DEBUG=1",
					"$(inherited)",
				);
				GCC_WARN_64_TO_32_BIT_CONVERSION = YES;
				GCC_WARN_ABOUT_RETURN_TYPE = YES_ERROR;
				GCC_WARN_UNDECLARED_SELECTOR = YES;
				GCC_WARN_UNINITIALIZED_AUTOS = YES_AGGRESSIVE;
				GCC_WARN_UNUSED_FUNCTION = YES;
				GCC_WARN_UNUSED_VARIABLE = YES;
				IPHONEOS_DEPLOYMENT_TARGET = 16.1;
				MTL_ENABLE_DEBUG_INFO = INCLUDE_SOURCE;
				MTL_FAST_MATH = YES;
				ONLY_ACTIVE_ARCH = YES;
				SDKROOT = iphoneos;
				SWIFT_ACTIVE_COMPILATION_CONDITIONS = DEBUG;
				SWIFT_OPTIMIZATION_LEVEL = "-Onone";
			};
			name = Debug;
		};
		8E7F27092941395000D2CA5D /* Release */ = {
			isa = XCBuildConfiguration;
			buildSettings = {
				ALWAYS_SEARCH_USER_PATHS = NO;
				CLANG_ANALYZER_NONNULL = YES;
				CLANG_ANALYZER_NUMBER_OBJECT_CONVERSION = YES_AGGRESSIVE;
				CLANG_CXX_LANGUAGE_STANDARD = "gnu++20";
				CLANG_ENABLE_MODULES = YES;
				CLANG_ENABLE_OBJC_ARC = YES;
				CLANG_ENABLE_OBJC_WEAK = YES;
				CLANG_WARN_BLOCK_CAPTURE_AUTORELEASING = YES;
				CLANG_WARN_BOOL_CONVERSION = YES;
				CLANG_WARN_COMMA = YES;
				CLANG_WARN_CONSTANT_CONVERSION = YES;
				CLANG_WARN_DEPRECATED_OBJC_IMPLEMENTATIONS = YES;
				CLANG_WARN_DIRECT_OBJC_ISA_USAGE = YES_ERROR;
				CLANG_WARN_DOCUMENTATION_COMMENTS = YES;
				CLANG_WARN_EMPTY_BODY = YES;
				CLANG_WARN_ENUM_CONVERSION = YES;
				CLANG_WARN_INFINITE_RECURSION = YES;
				CLANG_WARN_INT_CONVERSION = YES;
				CLANG_WARN_NON_LITERAL_NULL_CONVERSION = YES;
				CLANG_WARN_OBJC_IMPLICIT_RETAIN_SELF = YES;
				CLANG_WARN_OBJC_LITERAL_CONVERSION = YES;
				CLANG_WARN_OBJC_ROOT_CLASS = YES_ERROR;
				CLANG_WARN_QUOTED_INCLUDE_IN_FRAMEWORK_HEADER = YES;
				CLANG_WARN_RANGE_LOOP_ANALYSIS = YES;
				CLANG_WARN_STRICT_PROTOTYPES = YES;
				CLANG_WARN_SUSPICIOUS_MOVE = YES;
				CLANG_WARN_UNGUARDED_AVAILABILITY = YES_AGGRESSIVE;
				CLANG_WARN_UNREACHABLE_CODE = YES;
				CLANG_WARN__DUPLICATE_METHOD_MATCH = YES;
				COPY_PHASE_STRIP = NO;
				DEBUG_INFORMATION_FORMAT = "dwarf-with-dsym";
				ENABLE_NS_ASSERTIONS = NO;
				ENABLE_STRICT_OBJC_MSGSEND = YES;
				GCC_C_LANGUAGE_STANDARD = gnu11;
				GCC_NO_COMMON_BLOCKS = YES;
				GCC_WARN_64_TO_32_BIT_CONVERSION = YES;
				GCC_WARN_ABOUT_RETURN_TYPE = YES_ERROR;
				GCC_WARN_UNDECLARED_SELECTOR = YES;
				GCC_WARN_UNINITIALIZED_AUTOS = YES_AGGRESSIVE;
				GCC_WARN_UNUSED_FUNCTION = YES;
				GCC_WARN_UNUSED_VARIABLE = YES;
				IPHONEOS_DEPLOYMENT_TARGET = 16.1;
				MTL_ENABLE_DEBUG_INFO = NO;
				MTL_FAST_MATH = YES;
				SDKROOT = iphoneos;
				SWIFT_COMPILATION_MODE = wholemodule;
				SWIFT_OPTIMIZATION_LEVEL = "-O";
				VALIDATE_PRODUCT = YES;
			};
			name = Release;
		};
		8E7F270B2941395000D2CA5D /* Debug */ = {
			isa = XCBuildConfiguration;
			buildSettings = {
				ASSETCATALOG_COMPILER_APPICON_NAME = AppIcon;
				ASSETCATALOG_COMPILER_GLOBAL_ACCENT_COLOR_NAME = AccentColor;
				CODE_SIGN_STYLE = Automatic;
				CURRENT_PROJECT_VERSION = 1;
				GENERATE_INFOPLIST_FILE = YES;
				INFOPLIST_FILE = PhotoGenerator/Info.plist;
				INFOPLIST_KEY_UIApplicationSupportsIndirectInputEvents = YES;
				INFOPLIST_KEY_UILaunchStoryboardName = LaunchScreen;
				INFOPLIST_KEY_UIMainStoryboardFile = Main;
				INFOPLIST_KEY_UISupportedInterfaceOrientations_iPad = "UIInterfaceOrientationPortrait UIInterfaceOrientationPortraitUpsideDown UIInterfaceOrientationLandscapeLeft UIInterfaceOrientationLandscapeRight";
				INFOPLIST_KEY_UISupportedInterfaceOrientations_iPhone = "UIInterfaceOrientationPortrait UIInterfaceOrientationLandscapeLeft UIInterfaceOrientationLandscapeRight";
				LD_RUNPATH_SEARCH_PATHS = (
					"$(inherited)",
					"@executable_path/Frameworks",
				);
				MARKETING_VERSION = 1.0;
				PRODUCT_BUNDLE_IDENTIFIER = frank.PhotoGenerator;
				PRODUCT_NAME = "$(TARGET_NAME)";
				SWIFT_EMIT_LOC_STRINGS = YES;
				SWIFT_VERSION = 5.0;
				TARGETED_DEVICE_FAMILY = "1,2";
			};
			name = Debug;
		};
		8E7F270C2941395000D2CA5D /* Release */ = {
			isa = XCBuildConfiguration;
			buildSettings = {
				ASSETCATALOG_COMPILER_APPICON_NAME = AppIcon;
				ASSETCATALOG_COMPILER_GLOBAL_ACCENT_COLOR_NAME = AccentColor;
				CODE_SIGN_STYLE = Automatic;
				CURRENT_PROJECT_VERSION = 1;
				GENERATE_INFOPLIST_FILE = YES;
				INFOPLIST_FILE = PhotoGenerator/Info.plist;
				INFOPLIST_KEY_UIApplicationSupportsIndirectInputEvents = YES;
				INFOPLIST_KEY_UILaunchStoryboardName = LaunchScreen;
				INFOPLIST_KEY_UIMainStoryboardFile = Main;
				INFOPLIST_KEY_UISupportedInterfaceOrientations_iPad = "UIInterfaceOrientationPortrait UIInterfaceOrientationPortraitUpsideDown UIInterfaceOrientationLandscapeLeft UIInterfaceOrientationLandscapeRight";
				INFOPLIST_KEY_UISupportedInterfaceOrientations_iPhone = "UIInterfaceOrientationPortrait UIInterfaceOrientationLandscapeLeft UIInterfaceOrientationLandscapeRight";
				LD_RUNPATH_SEARCH_PATHS = (
					"$(inherited)",
					"@executable_path/Frameworks",
				);
				MARKETING_VERSION = 1.0;
				PRODUCT_BUNDLE_IDENTIFIER = frank.PhotoGenerator;
				PRODUCT_NAME = "$(TARGET_NAME)";
				SWIFT_EMIT_LOC_STRINGS = YES;
				SWIFT_VERSION = 5.0;
				TARGETED_DEVICE_FAMILY = "1,2";
			};
			name = Release;
		};
		8E7F270E2941395000D2CA5D /* Debug */ = {
			isa = XCBuildConfiguration;
			buildSettings = {
				ALWAYS_EMBED_SWIFT_STANDARD_LIBRARIES = YES;
				BUNDLE_LOADER = "$(TEST_HOST)";
				CODE_SIGN_STYLE = Automatic;
				CURRENT_PROJECT_VERSION = 1;
				GENERATE_INFOPLIST_FILE = YES;
				IPHONEOS_DEPLOYMENT_TARGET = 16.1;
				MARKETING_VERSION = 1.0;
				PRODUCT_BUNDLE_IDENTIFIER = frank.PhotoGeneratorTests;
				PRODUCT_NAME = "$(TARGET_NAME)";
				SWIFT_EMIT_LOC_STRINGS = NO;
				SWIFT_VERSION = 5.0;
				TARGETED_DEVICE_FAMILY = "1,2";
				TEST_HOST = "$(BUILT_PRODUCTS_DIR)/PhotoGenerator.app/$(BUNDLE_EXECUTABLE_FOLDER_PATH)/PhotoGenerator";
			};
			name = Debug;
		};
		8E7F270F2941395000D2CA5D /* Release */ = {
			isa = XCBuildConfiguration;
			buildSettings = {
				ALWAYS_EMBED_SWIFT_STANDARD_LIBRARIES = YES;
				BUNDLE_LOADER = "$(TEST_HOST)";
				CODE_SIGN_STYLE = Automatic;
				CURRENT_PROJECT_VERSION = 1;
				GENERATE_INFOPLIST_FILE = YES;
				IPHONEOS_DEPLOYMENT_TARGET = 16.1;
				MARKETING_VERSION = 1.0;
				PRODUCT_BUNDLE_IDENTIFIER = frank.PhotoGeneratorTests;
				PRODUCT_NAME = "$(TARGET_NAME)";
				SWIFT_EMIT_LOC_STRINGS = NO;
				SWIFT_VERSION = 5.0;
				TARGETED_DEVICE_FAMILY = "1,2";
				TEST_HOST = "$(BUILT_PRODUCTS_DIR)/PhotoGenerator.app/$(BUNDLE_EXECUTABLE_FOLDER_PATH)/PhotoGenerator";
			};
			name = Release;
		};
		8E7F27112941395000D2CA5D /* Debug */ = {
			isa = XCBuildConfiguration;
			buildSettings = {
				ALWAYS_EMBED_SWIFT_STANDARD_LIBRARIES = YES;
				CODE_SIGN_STYLE = Automatic;
				CURRENT_PROJECT_VERSION = 1;
				GENERATE_INFOPLIST_FILE = YES;
				MARKETING_VERSION = 1.0;
				PRODUCT_BUNDLE_IDENTIFIER = frank.PhotoGeneratorUITests;
				PRODUCT_NAME = "$(TARGET_NAME)";
				SWIFT_EMIT_LOC_STRINGS = NO;
				SWIFT_VERSION = 5.0;
				TARGETED_DEVICE_FAMILY = "1,2";
				TEST_TARGET_NAME = PhotoGenerator;
			};
			name = Debug;
		};
		8E7F27122941395000D2CA5D /* Release */ = {
			isa = XCBuildConfiguration;
			buildSettings = {
				ALWAYS_EMBED_SWIFT_STANDARD_LIBRARIES = YES;
				CODE_SIGN_STYLE = Automatic;
				CURRENT_PROJECT_VERSION = 1;
				GENERATE_INFOPLIST_FILE = YES;
				MARKETING_VERSION = 1.0;
				PRODUCT_BUNDLE_IDENTIFIER = frank.PhotoGeneratorUITests;
				PRODUCT_NAME = "$(TARGET_NAME)";
				SWIFT_EMIT_LOC_STRINGS = NO;
				SWIFT_VERSION = 5.0;
				TARGETED_DEVICE_FAMILY = "1,2";
				TEST_TARGET_NAME = PhotoGenerator;
			};
			name = Release;
		};
/* End XCBuildConfiguration section */

/* Begin XCConfigurationList section */
		8E7F26DB2941394E00D2CA5D /* Build configuration list for PBXProject "PhotoGenerator" */ = {
			isa = XCConfigurationList;
			buildConfigurations = (
				8E7F27082941395000D2CA5D /* Debug */,
				8E7F27092941395000D2CA5D /* Release */,
			);
			defaultConfigurationIsVisible = 0;
			defaultConfigurationName = Release;
		};
		8E7F270A2941395000D2CA5D /* Build configuration list for PBXNativeTarget "PhotoGenerator" */ = {
			isa = XCConfigurationList;
			buildConfigurations = (
				8E7F270B2941395000D2CA5D /* Debug */,
				8E7F270C2941395000D2CA5D /* Release */,
			);
			defaultConfigurationIsVisible = 0;
			defaultConfigurationName = Release;
		};
		8E7F270D2941395000D2CA5D /* Build configuration list for PBXNativeTarget "PhotoGeneratorTests" */ = {
			isa = XCConfigurationList;
			buildConfigurations = (
				8E7F270E2941395000D2CA5D /* Debug */,
				8E7F270F2941395000D2CA5D /* Release */,
			);
			defaultConfigurationIsVisible = 0;
			defaultConfigurationName = Release;
		};
		8E7F27102941395000D2CA5D /* Build configuration list for PBXNativeTarget "PhotoGeneratorUITests" */ = {
			isa = XCConfigurationList;
			buildConfigurations = (
				8E7F27112941395000D2CA5D /* Debug */,
				8E7F27122941395000D2CA5D /* Release */,
			);
			defaultConfigurationIsVisible = 0;
			defaultConfigurationName = Release;
		};
/* End XCConfigurationList section */
	};
	rootObject = 8E7F26D82941394E00D2CA5D /* Project object */;
}
